{
  "name": "jev-layer",
  "version": "0.2.0",
  "lockfileVersion": 3,
  "requires": true,
  "packages": {
    "": {
      "name": "jev-layer",
      "version": "0.2.0",
      "license": "MIT",
      "bin": {
        "jev": "bin/jev.mjs"
      },
      "engines": {
        "node": ">=20"
      }
    }
  }
}
